
Microsoft Visual Studio Solution File, Format Version 12.00
# Visual Studio 14
VisualStudioVersion = 14.0.25420.1
MinimumVisualStudioVersion = 10.0.40219.1
Project("{2150E333-8FDC-42A3-9474-1A3956D46DE8}") = "src", "src", "{B852FB68-C5E1-41A5-8197-AE61ADA7FB8E}"
EndProject
Project("{2150E333-8FDC-42A3-9474-1A3956D46DE8}") = "Solution Items", "Solution Items", "{6B989779-39BF-41AC-87F5-2B8043C0621D}"
	ProjectSection(SolutionItems) = preProject
		global.json = global.json
	EndProjectSection
EndProject
Project("{8BB2217D-0F2D-49D1-97BC-3654ED321F3B}") = "AcmeWeb", "src\AcmeWeb\AcmeWeb.xproj", "{EB45D4C9-DB6F-439B-B2BB-3E3675774132}"
EndProject
Global
	GlobalSection(SolutionConfigurationPlatforms) = preSolution
		Debug|Any CPU = Debug|Any CPU
		Release|Any CPU = Release|Any CPU
	EndGlobalSection
	GlobalSection(ProjectConfigurationPlatforms) = postSolution
		{EB45D4C9-DB6F-439B-B2BB-3E3675774132}.Debug|Any CPU.ActiveCfg = Debug|Any CPU
		{EB45D4C9-DB6F-439B-B2BB-3E3675774132}.Debug|Any CPU.Build.0 = Debug|Any CPU
		{EB45D4C9-DB6F-439B-B2BB-3E3675774132}.Release|Any CPU.ActiveCfg = Release|Any CPU
		{EB45D4C9-DB6F-439B-B2BB-3E3675774132}.Release|Any CPU.Build.0 = Release|Any CPU
	EndGlobalSection
	GlobalSection(SolutionProperties) = preSolution
		HideSolutionNode = FALSE
	EndGlobalSection
	GlobalSection(NestedProjects) = preSolution
		{EB45D4C9-DB6F-439B-B2BB-3E3675774132} = {B852FB68-C5E1-41A5-8197-AE61ADA7FB8E}
	EndGlobalSection
EndGlobal
